
Microsoft Visual Studio Solution File, Format Version 12.00
# Visual Studio 15
VisualStudioVersion = 15.0.27004.2009
MinimumVisualStudioVersion = 10.0.40219.1
Project("{9A19103F-16F7-4668-BE54-9A1E7A4F7556}") = "CH1.Functions", "CH1.Functions\CH1.Functions.csproj", "{752AD4F3-75AC-4FB4-AB3E-D16BC78B5FBA}"
EndProject
Project("{9A19103F-16F7-4668-BE54-9A1E7A4F7556}") = "CH2.Functions", "CH2.Functions\CH2.Functions.csproj", "{4EE39110-8FDE-4187-A406-3C472E4B096E}"
EndProject
Project("{9A19103F-16F7-4668-BE54-9A1E7A4F7556}") = "CH3.Functions", "CH3.Functions\CH3.Functions.csproj", "{C6773148-0534-43FC-8524-1635050539E1}"
EndProject
Project("{151D2E53-A2C4-4D7D-83FE-D05416EBD58E}") = "TwitterLogicApp", "TwitterLogicApp\TwitterLogicApp.deployproj", "{D8F1C7E7-AD83-4387-96D3-1CB98CECFE86}"
EndProject
Project("{FAE04EC0-301F-11D3-BF4B-00C04F79EFBC}") = "CH4.Functions", "CH4.Functions\CH4.Functions.csproj", "{7500CC50-C1C5-4FCA-A8B4-772ED46C0217}"
EndProject
Project("{FAE04EC0-301F-11D3-BF4B-00C04F79EFBC}") = "CH5.Functions", "CH5.Functions\CH5.Functions.csproj", "{DD6552D4-209F-4D9A-AF4B-975239972C42}"
EndProject
Project("{FAE04EC0-301F-11D3-BF4B-00C04F79EFBC}") = "CH6.Functions", "CH6.Functions\CH6.Functions.csproj", "{CF764EC3-83EA-46E1-BC76-EEA70ED77A69}"
EndProject
Project("{FAE04EC0-301F-11D3-BF4B-00C04F79EFBC}") = "CH9.Functions", "CH9.Functions\CH9.Functions.csproj", "{A17FB04E-2EFE-47C3-BB06-BA1067EB4DAF}"
EndProject
Project("{FAE04EC0-301F-11D3-BF4B-00C04F79EFBC}") = "SpartanEventHubConsoleApp", "SpartanEventHubConsoleApp\SpartanEventHubConsoleApp.csproj", "{1469C782-65B4-49A7-B91C-1C9B13C3C3A5}"
EndProject
Global
	GlobalSection(SolutionConfigurationPlatforms) = preSolution
		Debug|Any CPU = Debug|Any CPU
		Release|Any CPU = Release|Any CPU
	EndGlobalSection
	GlobalSection(ProjectConfigurationPlatforms) = postSolution
		{752AD4F3-75AC-4FB4-AB3E-D16BC78B5FBA}.Debug|Any CPU.ActiveCfg = Debug|Any CPU
		{752AD4F3-75AC-4FB4-AB3E-D16BC78B5FBA}.Debug|Any CPU.Build.0 = Debug|Any CPU
		{752AD4F3-75AC-4FB4-AB3E-D16BC78B5FBA}.Release|Any CPU.ActiveCfg = Release|Any CPU
		{752AD4F3-75AC-4FB4-AB3E-D16BC78B5FBA}.Release|Any CPU.Build.0 = Release|Any CPU
		{4EE39110-8FDE-4187-A406-3C472E4B096E}.Debug|Any CPU.ActiveCfg = Debug|Any CPU
		{4EE39110-8FDE-4187-A406-3C472E4B096E}.Debug|Any CPU.Build.0 = Debug|Any CPU
		{4EE39110-8FDE-4187-A406-3C472E4B096E}.Release|Any CPU.ActiveCfg = Release|Any CPU
		{4EE39110-8FDE-4187-A406-3C472E4B096E}.Release|Any CPU.Build.0 = Release|Any CPU
		{C6773148-0534-43FC-8524-1635050539E1}.Debug|Any CPU.ActiveCfg = Debug|Any CPU
		{C6773148-0534-43FC-8524-1635050539E1}.Debug|Any CPU.Build.0 = Debug|Any CPU
		{C6773148-0534-43FC-8524-1635050539E1}.Release|Any CPU.ActiveCfg = Release|Any CPU
		{C6773148-0534-43FC-8524-1635050539E1}.Release|Any CPU.Build.0 = Release|Any CPU
		{D8F1C7E7-AD83-4387-96D3-1CB98CECFE86}.Debug|Any CPU.ActiveCfg = Debug|Any CPU
		{D8F1C7E7-AD83-4387-96D3-1CB98CECFE86}.Debug|Any CPU.Build.0 = Debug|Any CPU
		{D8F1C7E7-AD83-4387-96D3-1CB98CECFE86}.Release|Any CPU.ActiveCfg = Release|Any CPU
		{D8F1C7E7-AD83-4387-96D3-1CB98CECFE86}.Release|Any CPU.Build.0 = Release|Any CPU
		{7500CC50-C1C5-4FCA-A8B4-772ED46C0217}.Debug|Any CPU.ActiveCfg = Debug|Any CPU
		{7500CC50-C1C5-4FCA-A8B4-772ED46C0217}.Debug|Any CPU.Build.0 = Debug|Any CPU
		{7500CC50-C1C5-4FCA-A8B4-772ED46C0217}.Release|Any CPU.ActiveCfg = Release|Any CPU
		{7500CC50-C1C5-4FCA-A8B4-772ED46C0217}.Release|Any CPU.Build.0 = Release|Any CPU
		{DD6552D4-209F-4D9A-AF4B-975239972C42}.Debug|Any CPU.ActiveCfg = Debug|Any CPU
		{DD6552D4-209F-4D9A-AF4B-975239972C42}.Debug|Any CPU.Build.0 = Debug|Any CPU
		{DD6552D4-209F-4D9A-AF4B-975239972C42}.Release|Any CPU.ActiveCfg = Release|Any CPU
		{DD6552D4-209F-4D9A-AF4B-975239972C42}.Release|Any CPU.Build.0 = Release|Any CPU
		{CF764EC3-83EA-46E1-BC76-EEA70ED77A69}.Debug|Any CPU.ActiveCfg = Debug|Any CPU
		{CF764EC3-83EA-46E1-BC76-EEA70ED77A69}.Debug|Any CPU.Build.0 = Debug|Any CPU
		{CF764EC3-83EA-46E1-BC76-EEA70ED77A69}.Release|Any CPU.ActiveCfg = Release|Any CPU
		{CF764EC3-83EA-46E1-BC76-EEA70ED77A69}.Release|Any CPU.Build.0 = Release|Any CPU
		{A17FB04E-2EFE-47C3-BB06-BA1067EB4DAF}.Debug|Any CPU.ActiveCfg = Debug|Any CPU
		{A17FB04E-2EFE-47C3-BB06-BA1067EB4DAF}.Debug|Any CPU.Build.0 = Debug|Any CPU
		{A17FB04E-2EFE-47C3-BB06-BA1067EB4DAF}.Release|Any CPU.ActiveCfg = Release|Any CPU
		{A17FB04E-2EFE-47C3-BB06-BA1067EB4DAF}.Release|Any CPU.Build.0 = Release|Any CPU
		{1469C782-65B4-49A7-B91C-1C9B13C3C3A5}.Debug|Any CPU.ActiveCfg = Debug|Any CPU
		{1469C782-65B4-49A7-B91C-1C9B13C3C3A5}.Debug|Any CPU.Build.0 = Debug|Any CPU
		{1469C782-65B4-49A7-B91C-1C9B13C3C3A5}.Release|Any CPU.ActiveCfg = Release|Any CPU
		{1469C782-65B4-49A7-B91C-1C9B13C3C3A5}.Release|Any CPU.Build.0 = Release|Any CPU
	EndGlobalSection
	GlobalSection(SolutionProperties) = preSolution
		HideSolutionNode = FALSE
	EndGlobalSection
	GlobalSection(ExtensibilityGlobals) = postSolution
		SolutionGuid = {DF86637A-37D3-46C3-9382-388D04B91EE1}
	EndGlobalSection
EndGlobal
