
Microsoft Visual Studio Solution File, Format Version 12.00
# Visual Studio 15
VisualStudioVersion = 15.0.27004.2009
MinimumVisualStudioVersion = 10.0.40219.1
Project("{9A19103F-16F7-4668-BE54-9A1E7A4F7556}") = "CH1.Functions", "CH1.Functions\CH1.Functions.csproj", "{752AD4F3-75AC-4FB4-AB3E-D16BC78B5FBA}"
EndProject
Project("{9A19103F-16F7-4668-BE54-9A1E7A4F7556}") = "CH2.Functions", "CH2.Functions\CH2.Functions.csproj", "{4EE39110-8FDE-4187-A406-3C472E4B096E}"
EndProject
Project("{FAE04EC0-301F-11D3-BF4B-00C04F79EFBC}") = "CH3.Functions", "CH3.Functions\CH3.Functions.csproj", "{C6773148-0534-43FC-8524-1635050539E1}"
EndProject
Global
	GlobalSection(SolutionConfigurationPlatforms) = preSolution
		Debug|Any CPU = Debug|Any CPU
		Release|Any CPU = Release|Any CPU
	EndGlobalSection
	GlobalSection(ProjectConfigurationPlatforms) = postSolution
		{752AD4F3-75AC-4FB4-AB3E-D16BC78B5FBA}.Debug|Any CPU.ActiveCfg = Debug|Any CPU
		{752AD4F3-75AC-4FB4-AB3E-D16BC78B5FBA}.Debug|Any CPU.Build.0 = Debug|Any CPU
		{752AD4F3-75AC-4FB4-AB3E-D16BC78B5FBA}.Release|Any CPU.ActiveCfg = Release|Any CPU
		{752AD4F3-75AC-4FB4-AB3E-D16BC78B5FBA}.Release|Any CPU.Build.0 = Release|Any CPU
		{4EE39110-8FDE-4187-A406-3C472E4B096E}.Debug|Any CPU.ActiveCfg = Debug|Any CPU
		{4EE39110-8FDE-4187-A406-3C472E4B096E}.Debug|Any CPU.Build.0 = Debug|Any CPU
		{4EE39110-8FDE-4187-A406-3C472E4B096E}.Release|Any CPU.ActiveCfg = Release|Any CPU
		{4EE39110-8FDE-4187-A406-3C472E4B096E}.Release|Any CPU.Build.0 = Release|Any CPU
		{C6773148-0534-43FC-8524-1635050539E1}.Debug|Any CPU.ActiveCfg = Debug|Any CPU
		{C6773148-0534-43FC-8524-1635050539E1}.Debug|Any CPU.Build.0 = Debug|Any CPU
		{C6773148-0534-43FC-8524-1635050539E1}.Release|Any CPU.ActiveCfg = Release|Any CPU
		{C6773148-0534-43FC-8524-1635050539E1}.Release|Any CPU.Build.0 = Release|Any CPU
	EndGlobalSection
	GlobalSection(SolutionProperties) = preSolution
		HideSolutionNode = FALSE
	EndGlobalSection
	GlobalSection(ExtensibilityGlobals) = postSolution
		SolutionGuid = {DF86637A-37D3-46C3-9382-388D04B91EE1}
	EndGlobalSection
EndGlobal
